
Microsoft Visual Studio Solution File, Format Version 12.00
# Visual Studio Version 16
VisualStudioVersion = 16.0.29926.136
MinimumVisualStudioVersion = 10.0.40219.1
Project("{FAE04EC0-301F-11D3-BF4B-00C04F79EFBC}") = "BlazorApp1", "BlazorApp1\BlazorApp1.csproj", "{7724F79D-11FF-4435-8767-3310E8861048}"
EndProject
Global
	GlobalSection(SolutionConfigurationPlatforms) = preSolution
		Debug|Any CPU = Debug|Any CPU
		Release|Any CPU = Release|Any CPU
	EndGlobalSection
	GlobalSection(ProjectConfigurationPlatforms) = postSolution
		{7724F79D-11FF-4435-8767-3310E8861048}.Debug|Any CPU.ActiveCfg = Debug|Any CPU
		{7724F79D-11FF-4435-8767-3310E8861048}.Debug|Any CPU.Build.0 = Debug|Any CPU
		{7724F79D-11FF-4435-8767-3310E8861048}.Release|Any CPU.ActiveCfg = Release|Any CPU
		{7724F79D-11FF-4435-8767-3310E8861048}.Release|Any CPU.Build.0 = Release|Any CPU
	EndGlobalSection
	GlobalSection(SolutionProperties) = preSolution
		HideSolutionNode = FALSE
	EndGlobalSection
	GlobalSection(ExtensibilityGlobals) = postSolution
		SolutionGuid = {4C67BF4F-6A24-4413-9162-FC4D218CF535}
	EndGlobalSection
EndGlobal
